
Microsoft Visual Studio Solution File, Format Version 12.00
# Visual Studio Version 16
VisualStudioVersion = 16.0.32002.261
MinimumVisualStudioVersion = 10.0.40219.1
Project("{9A19103F-16F7-4668-BE54-9A1E7A4F7556}") = "01. Furniture", "01. Furniture\01. Furniture.csproj", "{2B3785AE-3EAE-4F95-BC3F-63F42213DBA3}"
EndProject
Project("{9A19103F-16F7-4668-BE54-9A1E7A4F7556}") = "02. Race", "02. Race\02. Race.csproj", "{07BD70A9-3388-4C81-80BE-B46555EEA718}"
EndProject
Project("{FAE04EC0-301F-11D3-BF4B-00C04F79EFBC}") = "03. SoftUni Bar Income", "03. SoftUni Bar Income\03. SoftUni Bar Income.csproj", "{A4A12FA1-C6F4-4DA7-9BC4-4E554B4ED0FA}"
EndProject
Global
	GlobalSection(SolutionConfigurationPlatforms) = preSolution
		Debug|Any CPU = Debug|Any CPU
		Release|Any CPU = Release|Any CPU
	EndGlobalSection
	GlobalSection(ProjectConfigurationPlatforms) = postSolution
		{2B3785AE-3EAE-4F95-BC3F-63F42213DBA3}.Debug|Any CPU.ActiveCfg = Debug|Any CPU
		{2B3785AE-3EAE-4F95-BC3F-63F42213DBA3}.Debug|Any CPU.Build.0 = Debug|Any CPU
		{2B3785AE-3EAE-4F95-BC3F-63F42213DBA3}.Release|Any CPU.ActiveCfg = Release|Any CPU
		{2B3785AE-3EAE-4F95-BC3F-63F42213DBA3}.Release|Any CPU.Build.0 = Release|Any CPU
		{07BD70A9-3388-4C81-80BE-B46555EEA718}.Debug|Any CPU.ActiveCfg = Debug|Any CPU
		{07BD70A9-3388-4C81-80BE-B46555EEA718}.Debug|Any CPU.Build.0 = Debug|Any CPU
		{07BD70A9-3388-4C81-80BE-B46555EEA718}.Release|Any CPU.ActiveCfg = Release|Any CPU
		{07BD70A9-3388-4C81-80BE-B46555EEA718}.Release|Any CPU.Build.0 = Release|Any CPU
		{A4A12FA1-C6F4-4DA7-9BC4-4E554B4ED0FA}.Debug|Any CPU.ActiveCfg = Debug|Any CPU
		{A4A12FA1-C6F4-4DA7-9BC4-4E554B4ED0FA}.Debug|Any CPU.Build.0 = Debug|Any CPU
		{A4A12FA1-C6F4-4DA7-9BC4-4E554B4ED0FA}.Release|Any CPU.ActiveCfg = Release|Any CPU
		{A4A12FA1-C6F4-4DA7-9BC4-4E554B4ED0FA}.Release|Any CPU.Build.0 = Release|Any CPU
	EndGlobalSection
	GlobalSection(SolutionProperties) = preSolution
		HideSolutionNode = FALSE
	EndGlobalSection
	GlobalSection(ExtensibilityGlobals) = postSolution
		SolutionGuid = {ED5B9853-5521-49A1-BA77-CD6679FF055F}
	EndGlobalSection
EndGlobal
