
Microsoft Visual Studio Solution File, Format Version 12.00
# Visual Studio Version 16
VisualStudioVersion = 16.0.32002.261
MinimumVisualStudioVersion = 10.0.40219.1
Project("{FAE04EC0-301F-11D3-BF4B-00C04F79EFBC}") = "01. Match Full Name", "01. Match Full Name\01. Match Full Name.csproj", "{474D7E8B-4B52-4EB4-94C5-EC10A4DBF969}"
EndProject
Project("{FAE04EC0-301F-11D3-BF4B-00C04F79EFBC}") = "00. Example help", "00. Example help\00. Example help.csproj", "{6DCBC703-27DE-4B71-94A6-1B7625822A59}"
EndProject
Project("{FAE04EC0-301F-11D3-BF4B-00C04F79EFBC}") = "02. Match Phone Number", "02. Match Phone Number\02. Match Phone Number.csproj", "{23580188-0909-4565-A497-F5DB7D031598}"
EndProject
Project("{FAE04EC0-301F-11D3-BF4B-00C04F79EFBC}") = "03. Match Dates", "03. Match Dates\03. Match Dates.csproj", "{42FBF65F-BCD0-4340-90A8-C202ED76C64C}"
EndProject
Global
	GlobalSection(SolutionConfigurationPlatforms) = preSolution
		Debug|Any CPU = Debug|Any CPU
		Release|Any CPU = Release|Any CPU
	EndGlobalSection
	GlobalSection(ProjectConfigurationPlatforms) = postSolution
		{474D7E8B-4B52-4EB4-94C5-EC10A4DBF969}.Debug|Any CPU.ActiveCfg = Debug|Any CPU
		{474D7E8B-4B52-4EB4-94C5-EC10A4DBF969}.Debug|Any CPU.Build.0 = Debug|Any CPU
		{474D7E8B-4B52-4EB4-94C5-EC10A4DBF969}.Release|Any CPU.ActiveCfg = Release|Any CPU
		{474D7E8B-4B52-4EB4-94C5-EC10A4DBF969}.Release|Any CPU.Build.0 = Release|Any CPU
		{6DCBC703-27DE-4B71-94A6-1B7625822A59}.Debug|Any CPU.ActiveCfg = Debug|Any CPU
		{6DCBC703-27DE-4B71-94A6-1B7625822A59}.Debug|Any CPU.Build.0 = Debug|Any CPU
		{6DCBC703-27DE-4B71-94A6-1B7625822A59}.Release|Any CPU.ActiveCfg = Release|Any CPU
		{6DCBC703-27DE-4B71-94A6-1B7625822A59}.Release|Any CPU.Build.0 = Release|Any CPU
		{23580188-0909-4565-A497-F5DB7D031598}.Debug|Any CPU.ActiveCfg = Debug|Any CPU
		{23580188-0909-4565-A497-F5DB7D031598}.Debug|Any CPU.Build.0 = Debug|Any CPU
		{23580188-0909-4565-A497-F5DB7D031598}.Release|Any CPU.ActiveCfg = Release|Any CPU
		{23580188-0909-4565-A497-F5DB7D031598}.Release|Any CPU.Build.0 = Release|Any CPU
		{42FBF65F-BCD0-4340-90A8-C202ED76C64C}.Debug|Any CPU.ActiveCfg = Debug|Any CPU
		{42FBF65F-BCD0-4340-90A8-C202ED76C64C}.Debug|Any CPU.Build.0 = Debug|Any CPU
		{42FBF65F-BCD0-4340-90A8-C202ED76C64C}.Release|Any CPU.ActiveCfg = Release|Any CPU
		{42FBF65F-BCD0-4340-90A8-C202ED76C64C}.Release|Any CPU.Build.0 = Release|Any CPU
	EndGlobalSection
	GlobalSection(SolutionProperties) = preSolution
		HideSolutionNode = FALSE
	EndGlobalSection
	GlobalSection(ExtensibilityGlobals) = postSolution
		SolutionGuid = {B67B0EF9-51E1-4D21-8E4F-7C012C062354}
	EndGlobalSection
EndGlobal
