
Microsoft Visual Studio Solution File, Format Version 12.00
# Visual Studio Version 16
VisualStudioVersion = 25.0.1703.0
MinimumVisualStudioVersion = 10.0.40219.1
Project("{FAE04EC0-301F-11D3-BF4B-00C04F79EFBC}") = "03_ThePianist", "03_ThePianist\03_ThePianist.csproj", "{58BD7E73-9A36-4589-8D98-460AE2ABADC1}"
EndProject
Global
	GlobalSection(SolutionConfigurationPlatforms) = preSolution
		Debug|Any CPU = Debug|Any CPU
		Release|Any CPU = Release|Any CPU
	EndGlobalSection
	GlobalSection(ProjectConfigurationPlatforms) = postSolution
		{58BD7E73-9A36-4589-8D98-460AE2ABADC1}.Debug|Any CPU.ActiveCfg = Debug|Any CPU
		{58BD7E73-9A36-4589-8D98-460AE2ABADC1}.Debug|Any CPU.Build.0 = Debug|Any CPU
		{58BD7E73-9A36-4589-8D98-460AE2ABADC1}.Release|Any CPU.ActiveCfg = Release|Any CPU
		{58BD7E73-9A36-4589-8D98-460AE2ABADC1}.Release|Any CPU.Build.0 = Release|Any CPU
	EndGlobalSection
	GlobalSection(SolutionProperties) = preSolution
		HideSolutionNode = FALSE
	EndGlobalSection
	GlobalSection(ExtensibilityGlobals) = postSolution
		SolutionGuid = {F1C84430-65BF-4B6D-86CA-F2573F783C97}
	EndGlobalSection
EndGlobal
