
Microsoft Visual Studio Solution File, Format Version 12.00
# Visual Studio Version 16
VisualStudioVersion = 25.0.1703.0
MinimumVisualStudioVersion = 10.0.40219.1
Project("{FAE04EC0-301F-11D3-BF4B-00C04F79EFBC}") = "03_NeedForSpeedIII", "03_NeedForSpeedIII\03_NeedForSpeedIII.csproj", "{BBA6086C-0BC4-4E90-9009-2C0BD24E4FD3}"
EndProject
Global
	GlobalSection(SolutionConfigurationPlatforms) = preSolution
		Debug|Any CPU = Debug|Any CPU
		Release|Any CPU = Release|Any CPU
	EndGlobalSection
	GlobalSection(ProjectConfigurationPlatforms) = postSolution
		{BBA6086C-0BC4-4E90-9009-2C0BD24E4FD3}.Debug|Any CPU.ActiveCfg = Debug|Any CPU
		{BBA6086C-0BC4-4E90-9009-2C0BD24E4FD3}.Debug|Any CPU.Build.0 = Debug|Any CPU
		{BBA6086C-0BC4-4E90-9009-2C0BD24E4FD3}.Release|Any CPU.ActiveCfg = Release|Any CPU
		{BBA6086C-0BC4-4E90-9009-2C0BD24E4FD3}.Release|Any CPU.Build.0 = Release|Any CPU
	EndGlobalSection
	GlobalSection(SolutionProperties) = preSolution
		HideSolutionNode = FALSE
	EndGlobalSection
	GlobalSection(ExtensibilityGlobals) = postSolution
		SolutionGuid = {A645E098-9B89-42E9-A774-D1E5BB695420}
	EndGlobalSection
EndGlobal
