
Microsoft Visual Studio Solution File, Format Version 12.00
# Visual Studio Version 16
VisualStudioVersion = 25.0.1703.0
MinimumVisualStudioVersion = 10.0.40219.1
Project("{FAE04EC0-301F-11D3-BF4B-00C04F79EFBC}") = "01_PasswordReset", "01_PasswordReset\01_PasswordReset.csproj", "{8A61747F-F090-4014-BFD5-D067FBD112FB}"
EndProject
Global
	GlobalSection(SolutionConfigurationPlatforms) = preSolution
		Debug|Any CPU = Debug|Any CPU
		Release|Any CPU = Release|Any CPU
	EndGlobalSection
	GlobalSection(ProjectConfigurationPlatforms) = postSolution
		{8A61747F-F090-4014-BFD5-D067FBD112FB}.Debug|Any CPU.ActiveCfg = Debug|Any CPU
		{8A61747F-F090-4014-BFD5-D067FBD112FB}.Debug|Any CPU.Build.0 = Debug|Any CPU
		{8A61747F-F090-4014-BFD5-D067FBD112FB}.Release|Any CPU.ActiveCfg = Release|Any CPU
		{8A61747F-F090-4014-BFD5-D067FBD112FB}.Release|Any CPU.Build.0 = Release|Any CPU
	EndGlobalSection
	GlobalSection(SolutionProperties) = preSolution
		HideSolutionNode = FALSE
	EndGlobalSection
	GlobalSection(ExtensibilityGlobals) = postSolution
		SolutionGuid = {0EF28577-88F9-4AF3-83BA-2283B5A0193C}
	EndGlobalSection
EndGlobal
