
Microsoft Visual Studio Solution File, Format Version 12.00
# Visual Studio Version 16
VisualStudioVersion = 25.0.1703.0
MinimumVisualStudioVersion = 10.0.40219.1
Project("{FAE04EC0-301F-11D3-BF4B-00C04F79EFBC}") = "01_SecretChat", "01_SecretChat\01_SecretChat.csproj", "{CCEC9C2A-28ED-4E96-A077-15A1CCB43060}"
EndProject
Global
	GlobalSection(SolutionConfigurationPlatforms) = preSolution
		Debug|Any CPU = Debug|Any CPU
		Release|Any CPU = Release|Any CPU
	EndGlobalSection
	GlobalSection(ProjectConfigurationPlatforms) = postSolution
		{CCEC9C2A-28ED-4E96-A077-15A1CCB43060}.Debug|Any CPU.ActiveCfg = Debug|Any CPU
		{CCEC9C2A-28ED-4E96-A077-15A1CCB43060}.Debug|Any CPU.Build.0 = Debug|Any CPU
		{CCEC9C2A-28ED-4E96-A077-15A1CCB43060}.Release|Any CPU.ActiveCfg = Release|Any CPU
		{CCEC9C2A-28ED-4E96-A077-15A1CCB43060}.Release|Any CPU.Build.0 = Release|Any CPU
	EndGlobalSection
	GlobalSection(SolutionProperties) = preSolution
		HideSolutionNode = FALSE
	EndGlobalSection
	GlobalSection(ExtensibilityGlobals) = postSolution
		SolutionGuid = {7FF4B02E-2C5C-4C91-BDBE-37BD5C8BA54C}
	EndGlobalSection
EndGlobal
